{
  "version": 4,
  "terraform_version": "1.6.4",
  "serial": 5,
  "lineage": "6ea0d423-3bf0-b884-3919-9899e3b10b14",
  "outputs": {},
  "resources": [
    {
      "mode": "managed",
      "type": "docker_image",
      "name": "nginx_img",
      "provider": "provider[\"registry.terraform.io/kreuzwerker/docker\"]",
      "instances": [
        {
          "schema_version": 0,
          "attributes": {
            "build": [],
            "force_remove": null,
            "id": "sha256:11deb55301007d6bf1db2ce20cb5d12e447541969990af4a03e2af8141ebdbednginx:latest",
            "image_id": "sha256:11deb55301007d6bf1db2ce20cb5d12e447541969990af4a03e2af8141ebdbed",
            "keep_locally": true,
            "name": "nginx:latest",
            "platform": null,
            "pull_triggers": null,
            "repo_digest": "nginx@sha256:84c52dfd55c467e12ef85cad6a252c0990564f03c4850799bf41dd738738691f",
            "triggers": null
          },
          "sensitive_attributes": [],
          "private": "bnVsbA=="
        }
      ]
    }
  ],
  "check_results": null
}
